
Microsoft Visual Studio Solution File, Format Version 12.00
# Visual Studio Version 16
Project("{FAE04EC0-301F-11D3-BF4B-00C04F79EFBC}") = "CAEVSYNC.Api", "CAEVSYNC.Api\CAEVSYNC.Api.csproj", "{1B58AEFB-9F2E-46F7-A14A-F4FDB7E5F336}"
EndProject
Project("{FAE04EC0-301F-11D3-BF4B-00C04F79EFBC}") = "CAEVSYNC.Data", "CAEVSYNC.Data\CAEVSYNC.Data.csproj", "{47F9178C-F267-40AF-AE36-5270E23FABFF}"
EndProject
Project("{FAE04EC0-301F-11D3-BF4B-00C04F79EFBC}") = "CAEVSYNC.Auth", "CAEVSYNC.Auth\CAEVSYNC.Auth.csproj", "{24508694-01C1-4E2A-8920-0318C62F19B3}"
EndProject
Project("{FAE04EC0-301F-11D3-BF4B-00C04F79EFBC}") = "CAEVSYNC.ConnectedAccounts", "CAEVSYNC.ConnectedAccounts\CAEVSYNC.ConnectedAccounts.csproj", "{5145BA71-1F95-4CF2-99BC-909FECCEC6C6}"
EndProject
Project("{FAE04EC0-301F-11D3-BF4B-00C04F79EFBC}") = "CAEVSYNC.Common", "CAEVSYNC.Common\CAEVSYNC.Common.csproj", "{ED684CEC-00C4-485C-A66C-DB766E6F93F4}"
EndProject
Project("{FAE04EC0-301F-11D3-BF4B-00C04F79EFBC}") = "CAEVSYNC.Services", "CAEVSYNC.Services\CAEVSYNC.Services.csproj", "{039DF51C-3782-42B4-82E2-FE305E11CED6}"
EndProject
Project("{FAE04EC0-301F-11D3-BF4B-00C04F79EFBC}") = "CAEVSYNC.Web", "CAEVSYNC.Web\CAEVSYNC.Web.csproj", "{A18D7D25-102E-4699-BF02-68996837F97A}"
EndProject
Global
	GlobalSection(SolutionConfigurationPlatforms) = preSolution
		Debug|Any CPU = Debug|Any CPU
		Release|Any CPU = Release|Any CPU
	EndGlobalSection
	GlobalSection(ProjectConfigurationPlatforms) = postSolution
		{1B58AEFB-9F2E-46F7-A14A-F4FDB7E5F336}.Debug|Any CPU.ActiveCfg = Debug|Any CPU
		{1B58AEFB-9F2E-46F7-A14A-F4FDB7E5F336}.Debug|Any CPU.Build.0 = Debug|Any CPU
		{1B58AEFB-9F2E-46F7-A14A-F4FDB7E5F336}.Release|Any CPU.ActiveCfg = Release|Any CPU
		{1B58AEFB-9F2E-46F7-A14A-F4FDB7E5F336}.Release|Any CPU.Build.0 = Release|Any CPU
		{47F9178C-F267-40AF-AE36-5270E23FABFF}.Debug|Any CPU.ActiveCfg = Debug|Any CPU
		{47F9178C-F267-40AF-AE36-5270E23FABFF}.Debug|Any CPU.Build.0 = Debug|Any CPU
		{47F9178C-F267-40AF-AE36-5270E23FABFF}.Release|Any CPU.ActiveCfg = Release|Any CPU
		{47F9178C-F267-40AF-AE36-5270E23FABFF}.Release|Any CPU.Build.0 = Release|Any CPU
		{24508694-01C1-4E2A-8920-0318C62F19B3}.Debug|Any CPU.ActiveCfg = Debug|Any CPU
		{24508694-01C1-4E2A-8920-0318C62F19B3}.Debug|Any CPU.Build.0 = Debug|Any CPU
		{24508694-01C1-4E2A-8920-0318C62F19B3}.Release|Any CPU.ActiveCfg = Release|Any CPU
		{24508694-01C1-4E2A-8920-0318C62F19B3}.Release|Any CPU.Build.0 = Release|Any CPU
		{5145BA71-1F95-4CF2-99BC-909FECCEC6C6}.Debug|Any CPU.ActiveCfg = Debug|Any CPU
		{5145BA71-1F95-4CF2-99BC-909FECCEC6C6}.Debug|Any CPU.Build.0 = Debug|Any CPU
		{5145BA71-1F95-4CF2-99BC-909FECCEC6C6}.Release|Any CPU.ActiveCfg = Release|Any CPU
		{5145BA71-1F95-4CF2-99BC-909FECCEC6C6}.Release|Any CPU.Build.0 = Release|Any CPU
		{ED684CEC-00C4-485C-A66C-DB766E6F93F4}.Debug|Any CPU.ActiveCfg = Debug|Any CPU
		{ED684CEC-00C4-485C-A66C-DB766E6F93F4}.Debug|Any CPU.Build.0 = Debug|Any CPU
		{ED684CEC-00C4-485C-A66C-DB766E6F93F4}.Release|Any CPU.ActiveCfg = Release|Any CPU
		{ED684CEC-00C4-485C-A66C-DB766E6F93F4}.Release|Any CPU.Build.0 = Release|Any CPU
		{039DF51C-3782-42B4-82E2-FE305E11CED6}.Debug|Any CPU.ActiveCfg = Debug|Any CPU
		{039DF51C-3782-42B4-82E2-FE305E11CED6}.Debug|Any CPU.Build.0 = Debug|Any CPU
		{039DF51C-3782-42B4-82E2-FE305E11CED6}.Release|Any CPU.ActiveCfg = Release|Any CPU
		{039DF51C-3782-42B4-82E2-FE305E11CED6}.Release|Any CPU.Build.0 = Release|Any CPU
		{A18D7D25-102E-4699-BF02-68996837F97A}.Debug|Any CPU.ActiveCfg = Debug|Any CPU
		{A18D7D25-102E-4699-BF02-68996837F97A}.Debug|Any CPU.Build.0 = Debug|Any CPU
		{A18D7D25-102E-4699-BF02-68996837F97A}.Release|Any CPU.ActiveCfg = Release|Any CPU
		{A18D7D25-102E-4699-BF02-68996837F97A}.Release|Any CPU.Build.0 = Release|Any CPU
	EndGlobalSection
EndGlobal
