
Microsoft Visual Studio Solution File, Format Version 12.00
# Visual Studio Version 16
VisualStudioVersion = 25.0.1705.2
MinimumVisualStudioVersion = 10.0.40219.1
Project("{FAE04EC0-301F-11D3-BF4B-00C04F79EFBC}") = "CAEVSYNC.Api", "CAEVSYNC.Api.csproj", "{8E460C26-8F84-4246-A280-44036E92BB2A}"
EndProject
Global
	GlobalSection(SolutionConfigurationPlatforms) = preSolution
		Debug|Any CPU = Debug|Any CPU
		Release|Any CPU = Release|Any CPU
	EndGlobalSection
	GlobalSection(ProjectConfigurationPlatforms) = postSolution
		{8E460C26-8F84-4246-A280-44036E92BB2A}.Debug|Any CPU.ActiveCfg = Debug|Any CPU
		{8E460C26-8F84-4246-A280-44036E92BB2A}.Debug|Any CPU.Build.0 = Debug|Any CPU
		{8E460C26-8F84-4246-A280-44036E92BB2A}.Release|Any CPU.ActiveCfg = Release|Any CPU
		{8E460C26-8F84-4246-A280-44036E92BB2A}.Release|Any CPU.Build.0 = Release|Any CPU
	EndGlobalSection
	GlobalSection(SolutionProperties) = preSolution
		HideSolutionNode = FALSE
	EndGlobalSection
	GlobalSection(ExtensibilityGlobals) = postSolution
		SolutionGuid = {91DDCA25-2322-4E0C-AEB9-ECD3C6E78934}
	EndGlobalSection
EndGlobal
